
Microsoft Visual Studio Solution File, Format Version 12.00
# Visual Studio Version 17
VisualStudioVersion = 17.5.33414.496
MinimumVisualStudioVersion = 10.0.40219.1
Project("{FAE04EC0-301F-11D3-BF4B-00C04F79EFBC}") = "Constellations", "Constellations\Constellations.csproj", "{28370CD0-FB7B-49BD-A194-0460D5D74CC1}"
EndProject
Global
	GlobalSection(SolutionConfigurationPlatforms) = preSolution
		Debug|Any CPU = Debug|Any CPU
		Release|Any CPU = Release|Any CPU
	EndGlobalSection
	GlobalSection(ProjectConfigurationPlatforms) = postSolution
		{28370CD0-FB7B-49BD-A194-0460D5D74CC1}.Debug|Any CPU.ActiveCfg = Debug|Any CPU
		{28370CD0-FB7B-49BD-A194-0460D5D74CC1}.Debug|Any CPU.Build.0 = Debug|Any CPU
		{28370CD0-FB7B-49BD-A194-0460D5D74CC1}.Release|Any CPU.ActiveCfg = Release|Any CPU
		{28370CD0-FB7B-49BD-A194-0460D5D74CC1}.Release|Any CPU.Build.0 = Release|Any CPU
	EndGlobalSection
	GlobalSection(SolutionProperties) = preSolution
		HideSolutionNode = FALSE
	EndGlobalSection
	GlobalSection(ExtensibilityGlobals) = postSolution
		SolutionGuid = {AE6A7C7C-CAA1-4767-A2F1-06DAF9F19FD7}
	EndGlobalSection
EndGlobal
