
Microsoft Visual Studio Solution File, Format Version 12.00
# Visual Studio Version 17
VisualStudioVersion = 17.5.33414.496
MinimumVisualStudioVersion = 10.0.40219.1
Project("{FAE04EC0-301F-11D3-BF4B-00C04F79EFBC}") = "Cards", "Cards\Cards.csproj", "{566E7177-3D70-43DF-B319-BD50C672B2F2}"
EndProject
Global
	GlobalSection(SolutionConfigurationPlatforms) = preSolution
		Debug|Any CPU = Debug|Any CPU
		Release|Any CPU = Release|Any CPU
	EndGlobalSection
	GlobalSection(ProjectConfigurationPlatforms) = postSolution
		{566E7177-3D70-43DF-B319-BD50C672B2F2}.Debug|Any CPU.ActiveCfg = Debug|Any CPU
		{566E7177-3D70-43DF-B319-BD50C672B2F2}.Debug|Any CPU.Build.0 = Debug|Any CPU
		{566E7177-3D70-43DF-B319-BD50C672B2F2}.Release|Any CPU.ActiveCfg = Release|Any CPU
		{566E7177-3D70-43DF-B319-BD50C672B2F2}.Release|Any CPU.Build.0 = Release|Any CPU
	EndGlobalSection
	GlobalSection(SolutionProperties) = preSolution
		HideSolutionNode = FALSE
	EndGlobalSection
	GlobalSection(ExtensibilityGlobals) = postSolution
		SolutionGuid = {7846C266-4BBA-48D0-B59D-FB19532330FE}
	EndGlobalSection
EndGlobal
